
Microsoft Visual Studio Solution File, Format Version 12.00
# Visual Studio Version 17
VisualStudioVersion = 17.5.33516.290
MinimumVisualStudioVersion = 10.0.40219.1
Project("{FAE04EC0-301F-11D3-BF4B-00C04F79EFBC}") = "WpfApp2", "WpfApp2\WpfApp2.csproj", "{02A3D85F-5795-478A-8398-85C1DCE2C14C}"
EndProject
Global
	GlobalSection(SolutionConfigurationPlatforms) = preSolution
		Debug|Any CPU = Debug|Any CPU
		Release|Any CPU = Release|Any CPU
	EndGlobalSection
	GlobalSection(ProjectConfigurationPlatforms) = postSolution
		{02A3D85F-5795-478A-8398-85C1DCE2C14C}.Debug|Any CPU.ActiveCfg = Debug|Any CPU
		{02A3D85F-5795-478A-8398-85C1DCE2C14C}.Debug|Any CPU.Build.0 = Debug|Any CPU
		{02A3D85F-5795-478A-8398-85C1DCE2C14C}.Release|Any CPU.ActiveCfg = Release|Any CPU
		{02A3D85F-5795-478A-8398-85C1DCE2C14C}.Release|Any CPU.Build.0 = Release|Any CPU
	EndGlobalSection
	GlobalSection(SolutionProperties) = preSolution
		HideSolutionNode = FALSE
	EndGlobalSection
	GlobalSection(ExtensibilityGlobals) = postSolution
		SolutionGuid = {FC03070D-B92F-4528-BB3F-0EF0AB3025E4}
	EndGlobalSection
EndGlobal
